
Microsoft Visual Studio Solution File, Format Version 12.00
# Visual Studio Version 17
VisualStudioVersion = 17.5.002.0
MinimumVisualStudioVersion = 10.0.40219.1
Project("{9A19103F-16F7-4668-BE54-9A1E7A4F7556}") = "homework", "homework.csproj", "{EF6A8BF7-2F75-4AAB-ACFF-9B17E7A39493}"
EndProject
Global
	GlobalSection(SolutionConfigurationPlatforms) = preSolution
		Debug|Any CPU = Debug|Any CPU
		Release|Any CPU = Release|Any CPU
	EndGlobalSection
	GlobalSection(ProjectConfigurationPlatforms) = postSolution
		{EF6A8BF7-2F75-4AAB-ACFF-9B17E7A39493}.Debug|Any CPU.ActiveCfg = Debug|Any CPU
		{EF6A8BF7-2F75-4AAB-ACFF-9B17E7A39493}.Debug|Any CPU.Build.0 = Debug|Any CPU
		{EF6A8BF7-2F75-4AAB-ACFF-9B17E7A39493}.Release|Any CPU.ActiveCfg = Release|Any CPU
		{EF6A8BF7-2F75-4AAB-ACFF-9B17E7A39493}.Release|Any CPU.Build.0 = Release|Any CPU
	EndGlobalSection
	GlobalSection(SolutionProperties) = preSolution
		HideSolutionNode = FALSE
	EndGlobalSection
	GlobalSection(ExtensibilityGlobals) = postSolution
		SolutionGuid = {BC24CB92-DCB1-4D3C-9FDB-FC6FCA1F9CD6}
	EndGlobalSection
EndGlobal
